// !$*UTF8*$!
{
	archiveVersion = 1;
	classes = {
	};
	objectVersion = 50;
	objects = {

/* Begin PBXBuildFile section */
		B65108412683430F0098CCF6 /* AppDelegate.swift in Sources */ = {isa = PBXBuildFile; fileRef = B65108402683430F0098CCF6 /* AppDelegate.swift */; };
		B65108432683430F0098CCF6 /* SceneDelegate.swift in Sources */ = {isa = PBXBuildFile; fileRef = B65108422683430F0098CCF6 /* SceneDelegate.swift */; };
		B65108452683430F0098CCF6 /* ViewController.swift in Sources */ = {isa = PBXBuildFile; fileRef = B65108442683430F0098CCF6 /* ViewController.swift */; };
		B65108482683430F0098CCF6 /* Main.storyboard in Resources */ = {isa = PBXBuildFile; fileRef = B65108462683430F0098CCF6 /* Main.storyboard */; };
		B651084A268343100098CCF6 /* Assets.xcassets in Resources */ = {isa = PBXBuildFile; fileRef = B6510849268343100098CCF6 /* Assets.xcassets */; };
		B651084D268343100098CCF6 /* LaunchScreen.storyboard in Resources */ = {isa = PBXBuildFile; fileRef = B651084B268343100098CCF6 /* LaunchScreen.storyboard */; };
		B6510875268343350098CCF6 /* SpringImageView.swift in Sources */ = {isa = PBXBuildFile; fileRef = B6510873268343350098CCF6 /* SpringImageView.swift */; };
		B6510876268343350098CCF6 /* DesignableButton.swift in Sources */ = {isa = PBXBuildFile; fileRef = B6510870268343350098CCF6 /* DesignableButton.swift */; };
		B6510877268343350098CCF6 /* KeyboardLayoutConstraint.swift in Sources */ = {isa = PBXBuildFile; fileRef = B6510864268343350098CCF6 /* KeyboardLayoutConstraint.swift */; };
		B6510878268343350098CCF6 /* SpringAnimation.swift in Sources */ = {isa = PBXBuildFile; fileRef = B6510865268343350098CCF6 /* SpringAnimation.swift */; };
		B6510879268343350098CCF6 /* SpringView.swift in Sources */ = {isa = PBXBuildFile; fileRef = B6510872268343350098CCF6 /* SpringView.swift */; };
		B651087A268343350098CCF6 /* DesignableTextView.swift in Sources */ = {isa = PBXBuildFile; fileRef = B6510871268343350098CCF6 /* DesignableTextView.swift */; };
		B651087B268343350098CCF6 /* AsyncImageView.swift in Sources */ = {isa = PBXBuildFile; fileRef = B6510869268343350098CCF6 /* AsyncImageView.swift */; };
		B651087C268343350098CCF6 /* DesignableView.swift in Sources */ = {isa = PBXBuildFile; fileRef = B651085B268343340098CCF6 /* DesignableView.swift */; };
		B651087D268343350098CCF6 /* DesignableTextField.swift in Sources */ = {isa = PBXBuildFile; fileRef = B6510867268343350098CCF6 /* DesignableTextField.swift */; };
		B651087E268343350098CCF6 /* DesignableLabel.swift in Sources */ = {isa = PBXBuildFile; fileRef = B651086F268343350098CCF6 /* DesignableLabel.swift */; };
		B651087F268343350098CCF6 /* Spring.swift in Sources */ = {isa = PBXBuildFile; fileRef = B6510857268343340098CCF6 /* Spring.swift */; };
		B6510880268343350098CCF6 /* BlurView.swift in Sources */ = {isa = PBXBuildFile; fileRef = B651086D268343350098CCF6 /* BlurView.swift */; };
		B6510881268343350098CCF6 /* AsyncButton.swift in Sources */ = {isa = PBXBuildFile; fileRef = B6510858268343340098CCF6 /* AsyncButton.swift */; };
		B6510882268343350098CCF6 /* Misc.swift in Sources */ = {isa = PBXBuildFile; fileRef = B6510868268343350098CCF6 /* Misc.swift */; };
		B6510883268343350098CCF6 /* LoadingView.swift in Sources */ = {isa = PBXBuildFile; fileRef = B651085F268343340098CCF6 /* LoadingView.swift */; };
		B6510884268343350098CCF6 /* SpringTextView.swift in Sources */ = {isa = PBXBuildFile; fileRef = B651085D268343340098CCF6 /* SpringTextView.swift */; };
		B6510885268343350098CCF6 /* AutoTextView.swift in Sources */ = {isa = PBXBuildFile; fileRef = B651086A268343350098CCF6 /* AutoTextView.swift */; };
		B6510886268343350098CCF6 /* SpringLabel.swift in Sources */ = {isa = PBXBuildFile; fileRef = B651085C268343340098CCF6 /* SpringLabel.swift */; };
		B6510887268343350098CCF6 /* TransitionManager.swift in Sources */ = {isa = PBXBuildFile; fileRef = B6510866268343350098CCF6 /* TransitionManager.swift */; };
		B6510888268343350098CCF6 /* DesignableTabBarController.swift in Sources */ = {isa = PBXBuildFile; fileRef = B651085E268343340098CCF6 /* DesignableTabBarController.swift */; };
		B6510889268343350098CCF6 /* SoundPlayer.swift in Sources */ = {isa = PBXBuildFile; fileRef = B6510859268343340098CCF6 /* SoundPlayer.swift */; };
		B651088A268343350098CCF6 /* SpringButton.swift in Sources */ = {isa = PBXBuildFile; fileRef = B6510862268343350098CCF6 /* SpringButton.swift */; };
		B651088B268343350098CCF6 /* UnwindSegue.swift in Sources */ = {isa = PBXBuildFile; fileRef = B651085A268343340098CCF6 /* UnwindSegue.swift */; };
		B651088C268343350098CCF6 /* DesignableImageView.swift in Sources */ = {isa = PBXBuildFile; fileRef = B6510863268343350098CCF6 /* DesignableImageView.swift */; };
		B651088D268343350098CCF6 /* TransitionZoom.swift in Sources */ = {isa = PBXBuildFile; fileRef = B651086C268343350098CCF6 /* TransitionZoom.swift */; };
		B651088E268343350098CCF6 /* ImageLoader.swift in Sources */ = {isa = PBXBuildFile; fileRef = B6510874268343350098CCF6 /* ImageLoader.swift */; };
		B651088F268343350098CCF6 /* SpringTextField.swift in Sources */ = {isa = PBXBuildFile; fileRef = B6510860268343340098CCF6 /* SpringTextField.swift */; };
/* End PBXBuildFile section */

/* Begin PBXFileReference section */
		B651083D2683430F0098CCF6 /* Animation Show.app */ = {isa = PBXFileReference; explicitFileType = wrapper.application; includeInIndex = 0; path = "Animation Show.app"; sourceTree = BUILT_PRODUCTS_DIR; };
		B65108402683430F0098CCF6 /* AppDelegate.swift */ = {isa = PBXFileReference; lastKnownFileType = sourcecode.swift; path = AppDelegate.swift; sourceTree = "<group>"; };
		B65108422683430F0098CCF6 /* SceneDelegate.swift */ = {isa = PBXFileReference; lastKnownFileType = sourcecode.swift; path = SceneDelegate.swift; sourceTree = "<group>"; };
		B65108442683430F0098CCF6 /* ViewController.swift */ = {isa = PBXFileReference; lastKnownFileType = sourcecode.swift; path = ViewController.swift; sourceTree = "<group>"; };
		B65108472683430F0098CCF6 /* Base */ = {isa = PBXFileReference; lastKnownFileType = file.storyboard; name = Base; path = Base.lproj/Main.storyboard; sourceTree = "<group>"; };
		B6510849268343100098CCF6 /* Assets.xcassets */ = {isa = PBXFileReference; lastKnownFileType = folder.assetcatalog; path = Assets.xcassets; sourceTree = "<group>"; };
		B651084C268343100098CCF6 /* Base */ = {isa = PBXFileReference; lastKnownFileType = file.storyboard; name = Base; path = Base.lproj/LaunchScreen.storyboard; sourceTree = "<group>"; };
		B651084E268343100098CCF6 /* Info.plist */ = {isa = PBXFileReference; lastKnownFileType = text.plist.xml; path = Info.plist; sourceTree = "<group>"; };
		B6510857268343340098CCF6 /* Spring.swift */ = {isa = PBXFileReference; lastKnownFileType = sourcecode.swift; path = Spring.swift; sourceTree = "<group>"; };
		B6510858268343340098CCF6 /* AsyncButton.swift */ = {isa = PBXFileReference; lastKnownFileType = sourcecode.swift; path = AsyncButton.swift; sourceTree = "<group>"; };
		B6510859268343340098CCF6 /* SoundPlayer.swift */ = {isa = PBXFileReference; lastKnownFileType = sourcecode.swift; path = SoundPlayer.swift; sourceTree = "<group>"; };
		B651085A268343340098CCF6 /* UnwindSegue.swift */ = {isa = PBXFileReference; lastKnownFileType = sourcecode.swift; path = UnwindSegue.swift; sourceTree = "<group>"; };
		B651085B268343340098CCF6 /* DesignableView.swift */ = {isa = PBXFileReference; lastKnownFileType = sourcecode.swift; path = DesignableView.swift; sourceTree = "<group>"; };
		B651085C268343340098CCF6 /* SpringLabel.swift */ = {isa = PBXFileReference; lastKnownFileType = sourcecode.swift; path = SpringLabel.swift; sourceTree = "<group>"; };
		B651085D268343340098CCF6 /* SpringTextView.swift */ = {isa = PBXFileReference; lastKnownFileType = sourcecode.swift; path = SpringTextView.swift; sourceTree = "<group>"; };
		B651085E268343340098CCF6 /* DesignableTabBarController.swift */ = {isa = PBXFileReference; lastKnownFileType = sourcecode.swift; path = DesignableTabBarController.swift; sourceTree = "<group>"; };
		B651085F268343340098CCF6 /* LoadingView.swift */ = {isa = PBXFileReference; lastKnownFileType = sourcecode.swift; path = LoadingView.swift; sourceTree = "<group>"; };
		B6510860268343340098CCF6 /* SpringTextField.swift */ = {isa = PBXFileReference; lastKnownFileType = sourcecode.swift; path = SpringTextField.swift; sourceTree = "<group>"; };
		B6510862268343350098CCF6 /* SpringButton.swift */ = {isa = PBXFileReference; lastKnownFileType = sourcecode.swift; path = SpringButton.swift; sourceTree = "<group>"; };
		B6510863268343350098CCF6 /* DesignableImageView.swift */ = {isa = PBXFileReference; lastKnownFileType = sourcecode.swift; path = DesignableImageView.swift; sourceTree = "<group>"; };
		B6510864268343350098CCF6 /* KeyboardLayoutConstraint.swift */ = {isa = PBXFileReference; lastKnownFileType = sourcecode.swift; path = KeyboardLayoutConstraint.swift; sourceTree = "<group>"; };
		B6510865268343350098CCF6 /* SpringAnimation.swift */ = {isa = PBXFileReference; lastKnownFileType = sourcecode.swift; path = SpringAnimation.swift; sourceTree = "<group>"; };
		B6510866268343350098CCF6 /* TransitionManager.swift */ = {isa = PBXFileReference; lastKnownFileType = sourcecode.swift; path = TransitionManager.swift; sourceTree = "<group>"; };
		B6510867268343350098CCF6 /* DesignableTextField.swift */ = {isa = PBXFileReference; lastKnownFileType = sourcecode.swift; path = DesignableTextField.swift; sourceTree = "<group>"; };
		B6510868268343350098CCF6 /* Misc.swift */ = {isa = PBXFileReference; lastKnownFileType = sourcecode.swift; path = Misc.swift; sourceTree = "<group>"; };
		B6510869268343350098CCF6 /* AsyncImageView.swift */ = {isa = PBXFileReference; lastKnownFileType = sourcecode.swift; path = AsyncImageView.swift; sourceTree = "<group>"; };
		B651086A268343350098CCF6 /* AutoTextView.swift */ = {isa = PBXFileReference; lastKnownFileType = sourcecode.swift; path = AutoTextView.swift; sourceTree = "<group>"; };
		B651086B268343350098CCF6 /* LoadingView.xib */ = {isa = PBXFileReference; lastKnownFileType = file.xib; path = LoadingView.xib; sourceTree = "<group>"; };
		B651086C268343350098CCF6 /* TransitionZoom.swift */ = {isa = PBXFileReference; lastKnownFileType = sourcecode.swift; path = TransitionZoom.swift; sourceTree = "<group>"; };
		B651086D268343350098CCF6 /* BlurView.swift */ = {isa = PBXFileReference; lastKnownFileType = sourcecode.swift; path = BlurView.swift; sourceTree = "<group>"; };
		B651086F268343350098CCF6 /* DesignableLabel.swift */ = {isa = PBXFileReference; lastKnownFileType = sourcecode.swift; path = DesignableLabel.swift; sourceTree = "<group>"; };
		B6510870268343350098CCF6 /* DesignableButton.swift */ = {isa = PBXFileReference; lastKnownFileType = sourcecode.swift; path = DesignableButton.swift; sourceTree = "<group>"; };
		B6510871268343350098CCF6 /* DesignableTextView.swift */ = {isa = PBXFileReference; lastKnownFileType = sourcecode.swift; path = DesignableTextView.swift; sourceTree = "<group>"; };
		B6510872268343350098CCF6 /* SpringView.swift */ = {isa = PBXFileReference; lastKnownFileType = sourcecode.swift; path = SpringView.swift; sourceTree = "<group>"; };
		B6510873268343350098CCF6 /* SpringImageView.swift */ = {isa = PBXFileReference; lastKnownFileType = sourcecode.swift; path = SpringImageView.swift; sourceTree = "<group>"; };
		B6510874268343350098CCF6 /* ImageLoader.swift */ = {isa = PBXFileReference; lastKnownFileType = sourcecode.swift; path = ImageLoader.swift; sourceTree = "<group>"; };
/* End PBXFileReference section */

/* Begin PBXFrameworksBuildPhase section */
		B651083A2683430F0098CCF6 /* Frameworks */ = {
			isa = PBXFrameworksBuildPhase;
			buildActionMask = 2147483647;
			files = (
			);
			runOnlyForDeploymentPostprocessing = 0;
		};
/* End PBXFrameworksBuildPhase section */

/* Begin PBXGroup section */
		B624521126E55E7E00C9BB25 /* ViewControllers */ = {
			isa = PBXGroup;
			children = (
				B65108442683430F0098CCF6 /* ViewController.swift */,
			);
			path = ViewControllers;
			sourceTree = "<group>";
		};
		B624521226E55E8F00C9BB25 /* Supporting Files */ = {
			isa = PBXGroup;
			children = (
				B65108402683430F0098CCF6 /* AppDelegate.swift */,
				B65108422683430F0098CCF6 /* SceneDelegate.swift */,
				B651084E268343100098CCF6 /* Info.plist */,
			);
			path = "Supporting Files";
			sourceTree = "<group>";
		};
		B624521326E55EA300C9BB25 /* Storyboards */ = {
			isa = PBXGroup;
			children = (
				B65108462683430F0098CCF6 /* Main.storyboard */,
				B651084B268343100098CCF6 /* LaunchScreen.storyboard */,
			);
			path = Storyboards;
			sourceTree = "<group>";
		};
		B65108342683430F0098CCF6 = {
			isa = PBXGroup;
			children = (
				B651083F2683430F0098CCF6 /* Animation Show */,
				B651083E2683430F0098CCF6 /* Products */,
			);
			sourceTree = "<group>";
		};
		B651083E2683430F0098CCF6 /* Products */ = {
			isa = PBXGroup;
			children = (
				B651083D2683430F0098CCF6 /* Animation Show.app */,
			);
			name = Products;
			sourceTree = "<group>";
		};
		B651083F2683430F0098CCF6 /* Animation Show */ = {
			isa = PBXGroup;
			children = (
				B624521126E55E7E00C9BB25 /* ViewControllers */,
				B624521326E55EA300C9BB25 /* Storyboards */,
				B624521226E55E8F00C9BB25 /* Supporting Files */,
				B6510854268343180098CCF6 /* Spring */,
				B6510849268343100098CCF6 /* Assets.xcassets */,
			);
			path = "Animation Show";
			sourceTree = "<group>";
		};
		B6510854268343180098CCF6 /* Spring */ = {
			isa = PBXGroup;
			children = (
				B6510858268343340098CCF6 /* AsyncButton.swift */,
				B6510869268343350098CCF6 /* AsyncImageView.swift */,
				B651086A268343350098CCF6 /* AutoTextView.swift */,
				B651086D268343350098CCF6 /* BlurView.swift */,
				B6510870268343350098CCF6 /* DesignableButton.swift */,
				B6510863268343350098CCF6 /* DesignableImageView.swift */,
				B651086F268343350098CCF6 /* DesignableLabel.swift */,
				B651085E268343340098CCF6 /* DesignableTabBarController.swift */,
				B6510867268343350098CCF6 /* DesignableTextField.swift */,
				B6510871268343350098CCF6 /* DesignableTextView.swift */,
				B651085B268343340098CCF6 /* DesignableView.swift */,
				B6510874268343350098CCF6 /* ImageLoader.swift */,
				B6510864268343350098CCF6 /* KeyboardLayoutConstraint.swift */,
				B651085F268343340098CCF6 /* LoadingView.swift */,
				B651086B268343350098CCF6 /* LoadingView.xib */,
				B6510868268343350098CCF6 /* Misc.swift */,
				B6510859268343340098CCF6 /* SoundPlayer.swift */,
				B6510857268343340098CCF6 /* Spring.swift */,
				B6510865268343350098CCF6 /* SpringAnimation.swift */,
				B6510862268343350098CCF6 /* SpringButton.swift */,
				B6510873268343350098CCF6 /* SpringImageView.swift */,
				B651085C268343340098CCF6 /* SpringLabel.swift */,
				B6510860268343340098CCF6 /* SpringTextField.swift */,
				B651085D268343340098CCF6 /* SpringTextView.swift */,
				B6510872268343350098CCF6 /* SpringView.swift */,
				B6510866268343350098CCF6 /* TransitionManager.swift */,
				B651086C268343350098CCF6 /* TransitionZoom.swift */,
				B651085A268343340098CCF6 /* UnwindSegue.swift */,
			);
			path = Spring;
			sourceTree = "<group>";
		};
/* End PBXGroup section */

/* Begin PBXNativeTarget section */
		B651083C2683430F0098CCF6 /* Animation Show */ = {
			isa = PBXNativeTarget;
			buildConfigurationList = B6510851268343100098CCF6 /* Build configuration list for PBXNativeTarget "Animation Show" */;
			buildPhases = (
				B65108392683430F0098CCF6 /* Sources */,
				B651083A2683430F0098CCF6 /* Frameworks */,
				B651083B2683430F0098CCF6 /* Resources */,
			);
			buildRules = (
			);
			dependencies = (
			);
			name = "Animation Show";
			productName = "Animation Show";
			productReference = B651083D2683430F0098CCF6 /* Animation Show.app */;
			productType = "com.apple.product-type.application";
		};
/* End PBXNativeTarget section */

/* Begin PBXProject section */
		B65108352683430F0098CCF6 /* Project object */ = {
			isa = PBXProject;
			attributes = {
				LastSwiftUpdateCheck = 1250;
				LastUpgradeCheck = 1250;
				TargetAttributes = {
					B651083C2683430F0098CCF6 = {
						CreatedOnToolsVersion = 12.5.1;
					};
				};
			};
			buildConfigurationList = B65108382683430F0098CCF6 /* Build configuration list for PBXProject "Animation Show" */;
			compatibilityVersion = "Xcode 9.3";
			developmentRegion = en;
			hasScannedForEncodings = 0;
			knownRegions = (
				en,
				Base,
			);
			mainGroup = B65108342683430F0098CCF6;
			productRefGroup = B651083E2683430F0098CCF6 /* Products */;
			projectDirPath = "";
			projectRoot = "";
			targets = (
				B651083C2683430F0098CCF6 /* Animation Show */,
			);
		};
/* End PBXProject section */

/* Begin PBXResourcesBuildPhase section */
		B651083B2683430F0098CCF6 /* Resources */ = {
			isa = PBXResourcesBuildPhase;
			buildActionMask = 2147483647;
			files = (
				B651084D268343100098CCF6 /* LaunchScreen.storyboard in Resources */,
				B651084A268343100098CCF6 /* Assets.xcassets in Resources */,
				B65108482683430F0098CCF6 /* Main.storyboard in Resources */,
			);
			runOnlyForDeploymentPostprocessing = 0;
		};
/* End PBXResourcesBuildPhase section */

/* Begin PBXSourcesBuildPhase section */
		B65108392683430F0098CCF6 /* Sources */ = {
			isa = PBXSourcesBuildPhase;
			buildActionMask = 2147483647;
			files = (
				B65108452683430F0098CCF6 /* ViewController.swift in Sources */,
				B6510882268343350098CCF6 /* Misc.swift in Sources */,
				B6510879268343350098CCF6 /* SpringView.swift in Sources */,
				B651088E268343350098CCF6 /* ImageLoader.swift in Sources */,
				B6510880268343350098CCF6 /* BlurView.swift in Sources */,
				B6510875268343350098CCF6 /* SpringImageView.swift in Sources */,
				B651087C268343350098CCF6 /* DesignableView.swift in Sources */,
				B651087E268343350098CCF6 /* DesignableLabel.swift in Sources */,
				B651088C268343350098CCF6 /* DesignableImageView.swift in Sources */,
				B6510881268343350098CCF6 /* AsyncButton.swift in Sources */,
				B651088B268343350098CCF6 /* UnwindSegue.swift in Sources */,
				B651087B268343350098CCF6 /* AsyncImageView.swift in Sources */,
				B651088F268343350098CCF6 /* SpringTextField.swift in Sources */,
				B6510886268343350098CCF6 /* SpringLabel.swift in Sources */,
				B6510889268343350098CCF6 /* SoundPlayer.swift in Sources */,
				B6510887268343350098CCF6 /* TransitionManager.swift in Sources */,
				B6510884268343350098CCF6 /* SpringTextView.swift in Sources */,
				B651088A268343350098CCF6 /* SpringButton.swift in Sources */,
				B651087F268343350098CCF6 /* Spring.swift in Sources */,
				B651087A268343350098CCF6 /* DesignableTextView.swift in Sources */,
				B65108412683430F0098CCF6 /* AppDelegate.swift in Sources */,
				B6510888268343350098CCF6 /* DesignableTabBarController.swift in Sources */,
				B651087D268343350098CCF6 /* DesignableTextField.swift in Sources */,
				B6510885268343350098CCF6 /* AutoTextView.swift in Sources */,
				B6510876268343350098CCF6 /* DesignableButton.swift in Sources */,
				B6510878268343350098CCF6 /* SpringAnimation.swift in Sources */,
				B65108432683430F0098CCF6 /* SceneDelegate.swift in Sources */,
				B6510877268343350098CCF6 /* KeyboardLayoutConstraint.swift in Sources */,
				B6510883268343350098CCF6 /* LoadingView.swift in Sources */,
				B651088D268343350098CCF6 /* TransitionZoom.swift in Sources */,
			);
			runOnlyForDeploymentPostprocessing = 0;
		};
/* End PBXSourcesBuildPhase section */

/* Begin PBXVariantGroup section */
		B65108462683430F0098CCF6 /* Main.storyboard */ = {
			isa = PBXVariantGroup;
			children = (
				B65108472683430F0098CCF6 /* Base */,
			);
			name = Main.storyboard;
			sourceTree = "<group>";
		};
		B651084B268343100098CCF6 /* LaunchScreen.storyboard */ = {
			isa = PBXVariantGroup;
			children = (
				B651084C268343100098CCF6 /* Base */,
			);
			name = LaunchScreen.storyboard;
			sourceTree = "<group>";
		};
/* End PBXVariantGroup section */

/* Begin XCBuildConfiguration section */
		B651084F268343100098CCF6 /* Debug */ = {
			isa = XCBuildConfiguration;
			buildSettings = {
				ALWAYS_SEARCH_USER_PATHS = NO;
				CLANG_ANALYZER_NONNULL = YES;
				CLANG_ANALYZER_NUMBER_OBJECT_CONVERSION = YES_AGGRESSIVE;
				CLANG_CXX_LANGUAGE_STANDARD = "gnu++14";
				CLANG_CXX_LIBRARY = "libc++";
				CLANG_ENABLE_MODULES = YES;
				CLANG_ENABLE_OBJC_ARC = YES;
				CLANG_ENABLE_OBJC_WEAK = YES;
				CLANG_WARN_BLOCK_CAPTURE_AUTORELEASING = YES;
				CLANG_WARN_BOOL_CONVERSION = YES;
				CLANG_WARN_COMMA = YES;
				CLANG_WARN_CONSTANT_CONVERSION = YES;
				CLANG_WARN_DEPRECATED_OBJC_IMPLEMENTATIONS = YES;
				CLANG_WARN_DIRECT_OBJC_ISA_USAGE = YES_ERROR;
				CLANG_WARN_DOCUMENTATION_COMMENTS = YES;
				CLANG_WARN_EMPTY_BODY = YES;
				CLANG_WARN_ENUM_CONVERSION = YES;
				CLANG_WARN_INFINITE_RECURSION = YES;
				CLANG_WARN_INT_CONVERSION = YES;
				CLANG_WARN_NON_LITERAL_NULL_CONVERSION = YES;
				CLANG_WARN_OBJC_IMPLICIT_RETAIN_SELF = YES;
				CLANG_WARN_OBJC_LITERAL_CONVERSION = YES;
				CLANG_WARN_OBJC_ROOT_CLASS = YES_ERROR;
				CLANG_WARN_QUOTED_INCLUDE_IN_FRAMEWORK_HEADER = YES;
				CLANG_WARN_RANGE_LOOP_ANALYSIS = YES;
				CLANG_WARN_STRICT_PROTOTYPES = YES;
				CLANG_WARN_SUSPICIOUS_MOVE = YES;
				CLANG_WARN_UNGUARDED_AVAILABILITY = YES_AGGRESSIVE;
				CLANG_WARN_UNREACHABLE_CODE = YES;
				CLANG_WARN__DUPLICATE_METHOD_MATCH = YES;
				COPY_PHASE_STRIP = NO;
				DEBUG_INFORMATION_FORMAT = dwarf;
				ENABLE_STRICT_OBJC_MSGSEND = YES;
				ENABLE_TESTABILITY = YES;
				GCC_C_LANGUAGE_STANDARD = gnu11;
				GCC_DYNAMIC_NO_PIC = NO;
				GCC_NO_COMMON_BLOCKS = YES;
				GCC_OPTIMIZATION_LEVEL = 0;
				GCC_PREPROCESSOR_DEFINITIONS = (
					"DEBUG=1",
					"$(inherited)",
				);
				GCC_WARN_64_TO_32_BIT_CONVERSION = YES;
				GCC_WARN_ABOUT_RETURN_TYPE = YES_ERROR;
				GCC_WARN_UNDECLARED_SELECTOR = YES;
				GCC_WARN_UNINITIALIZED_AUTOS = YES_AGGRESSIVE;
				GCC_WARN_UNUSED_FUNCTION = YES;
				GCC_WARN_UNUSED_VARIABLE = YES;
				IPHONEOS_DEPLOYMENT_TARGET = 14.5;
				MTL_ENABLE_DEBUG_INFO = INCLUDE_SOURCE;
				MTL_FAST_MATH = YES;
				ONLY_ACTIVE_ARCH = YES;
				SDKROOT = iphoneos;
				SWIFT_ACTIVE_COMPILATION_CONDITIONS = DEBUG;
				SWIFT_OPTIMIZATION_LEVEL = "-Onone";
			};
			name = Debug;
		};
		B6510850268343100098CCF6 /* Release */ = {
			isa = XCBuildConfiguration;
			buildSettings = {
				ALWAYS_SEARCH_USER_PATHS = NO;
				CLANG_ANALYZER_NONNULL = YES;
				CLANG_ANALYZER_NUMBER_OBJECT_CONVERSION = YES_AGGRESSIVE;
				CLANG_CXX_LANGUAGE_STANDARD = "gnu++14";
				CLANG_CXX_LIBRARY = "libc++";
				CLANG_ENABLE_MODULES = YES;
				CLANG_ENABLE_OBJC_ARC = YES;
				CLANG_ENABLE_OBJC_WEAK = YES;
				CLANG_WARN_BLOCK_CAPTURE_AUTORELEASING = YES;
				CLANG_WARN_BOOL_CONVERSION = YES;
				CLANG_WARN_COMMA = YES;
				CLANG_WARN_CONSTANT_CONVERSION = YES;
				CLANG_WARN_DEPRECATED_OBJC_IMPLEMENTATIONS = YES;
				CLANG_WARN_DIRECT_OBJC_ISA_USAGE = YES_ERROR;
				CLANG_WARN_DOCUMENTATION_COMMENTS = YES;
				CLANG_WARN_EMPTY_BODY = YES;
				CLANG_WARN_ENUM_CONVERSION = YES;
				CLANG_WARN_INFINITE_RECURSION = YES;
				CLANG_WARN_INT_CONVERSION = YES;
				CLANG_WARN_NON_LITERAL_NULL_CONVERSION = YES;
				CLANG_WARN_OBJC_IMPLICIT_RETAIN_SELF = YES;
				CLANG_WARN_OBJC_LITERAL_CONVERSION = YES;
				CLANG_WARN_OBJC_ROOT_CLASS = YES_ERROR;
				CLANG_WARN_QUOTED_INCLUDE_IN_FRAMEWORK_HEADER = YES;
				CLANG_WARN_RANGE_LOOP_ANALYSIS = YES;
				CLANG_WARN_STRICT_PROTOTYPES = YES;
				CLANG_WARN_SUSPICIOUS_MOVE = YES;
				CLANG_WARN_UNGUARDED_AVAILABILITY = YES_AGGRESSIVE;
				CLANG_WARN_UNREACHABLE_CODE = YES;
				CLANG_WARN__DUPLICATE_METHOD_MATCH = YES;
				COPY_PHASE_STRIP = NO;
				DEBUG_INFORMATION_FORMAT = "dwarf-with-dsym";
				ENABLE_NS_ASSERTIONS = NO;
				ENABLE_STRICT_OBJC_MSGSEND = YES;
				GCC_C_LANGUAGE_STANDARD = gnu11;
				GCC_NO_COMMON_BLOCKS = YES;
				GCC_WARN_64_TO_32_BIT_CONVERSION = YES;
				GCC_WARN_ABOUT_RETURN_TYPE = YES_ERROR;
				GCC_WARN_UNDECLARED_SELECTOR = YES;
				GCC_WARN_UNINITIALIZED_AUTOS = YES_AGGRESSIVE;
				GCC_WARN_UNUSED_FUNCTION = YES;
				GCC_WARN_UNUSED_VARIABLE = YES;
				IPHONEOS_DEPLOYMENT_TARGET = 14.5;
				MTL_ENABLE_DEBUG_INFO = NO;
				MTL_FAST_MATH = YES;
				SDKROOT = iphoneos;
				SWIFT_COMPILATION_MODE = wholemodule;
				SWIFT_OPTIMIZATION_LEVEL = "-O";
				VALIDATE_PRODUCT = YES;
			};
			name = Release;
		};
		B6510852268343100098CCF6 /* Debug */ = {
			isa = XCBuildConfiguration;
			buildSettings = {
				ASSETCATALOG_COMPILER_APPICON_NAME = AppIcon;
				ASSETCATALOG_COMPILER_GLOBAL_ACCENT_COLOR_NAME = AccentColor;
				CODE_SIGN_STYLE = Automatic;
				DEVELOPMENT_TEAM = 597R77T78X;
				INFOPLIST_FILE = "Animation Show/Supporting Files/Info.plist";
				LD_RUNPATH_SEARCH_PATHS = (
					"$(inherited)",
					"@executable_path/Frameworks",
				);
				PRODUCT_BUNDLE_IDENTIFIER = "org.iVlad.Animation-Show";
				PRODUCT_NAME = "$(TARGET_NAME)";
				SWIFT_VERSION = 5.0;
				TARGETED_DEVICE_FAMILY = "1,2";
			};
			name = Debug;
		};
		B6510853268343100098CCF6 /* Release */ = {
			isa = XCBuildConfiguration;
			buildSettings = {
				ASSETCATALOG_COMPILER_APPICON_NAME = AppIcon;
				ASSETCATALOG_COMPILER_GLOBAL_ACCENT_COLOR_NAME = AccentColor;
				CODE_SIGN_STYLE = Automatic;
				DEVELOPMENT_TEAM = 597R77T78X;
				INFOPLIST_FILE = "Animation Show/Supporting Files/Info.plist";
				LD_RUNPATH_SEARCH_PATHS = (
					"$(inherited)",
					"@executable_path/Frameworks",
				);
				PRODUCT_BUNDLE_IDENTIFIER = "org.iVlad.Animation-Show";
				PRODUCT_NAME = "$(TARGET_NAME)";
				SWIFT_VERSION = 5.0;
				TARGETED_DEVICE_FAMILY = "1,2";
			};
			name = Release;
		};
/* End XCBuildConfiguration section */

/* Begin XCConfigurationList section */
		B65108382683430F0098CCF6 /* Build configuration list for PBXProject "Animation Show" */ = {
			isa = XCConfigurationList;
			buildConfigurations = (
				B651084F268343100098CCF6 /* Debug */,
				B6510850268343100098CCF6 /* Release */,
			);
			defaultConfigurationIsVisible = 0;
			defaultConfigurationName = Release;
		};
		B6510851268343100098CCF6 /* Build configuration list for PBXNativeTarget "Animation Show" */ = {
			isa = XCConfigurationList;
			buildConfigurations = (
				B6510852268343100098CCF6 /* Debug */,
				B6510853268343100098CCF6 /* Release */,
			);
			defaultConfigurationIsVisible = 0;
			defaultConfigurationName = Release;
		};
/* End XCConfigurationList section */
	};
	rootObject = B65108352683430F0098CCF6 /* Project object */;
}
